# This file is automatically @generated by Cargo.
# It is not intended for manual editing.
version = 3

[[package]]
name = "aoc2022"
version = "0.1.0"
dependencies = [
 "lstd",
]

[[package]]
name = "lstd"
version = "0.1.0"
source = "git+https://github.com/LinusDikomey/lstd#4520e463c7a4f191c61ae65ed4c9b05687946843"
